// !$*UTF8*$!
{
	archiveVersion = 1;
	classes = {
	};
	objectVersion = 50;
	objects = {

/* Begin PBXBuildFile section */
		8862F0A92567783900B2F088 /* AppDelegate.swift in Sources */ = {isa = PBXBuildFile; fileRef = 8862F0A82567783900B2F088 /* AppDelegate.swift */; };
		8862F0AB2567783900B2F088 /* SceneDelegate.swift in Sources */ = {isa = PBXBuildFile; fileRef = 8862F0AA2567783900B2F088 /* SceneDelegate.swift */; };
		8862F0AD2567783900B2F088 /* ViewController.swift in Sources */ = {isa = PBXBuildFile; fileRef = 8862F0AC2567783900B2F088 /* ViewController.swift */; };
		8862F0B02567783900B2F088 /* Main.storyboard in Resources */ = {isa = PBXBuildFile; fileRef = 8862F0AE2567783900B2F088 /* Main.storyboard */; };
		8862F0B22567783F00B2F088 /* Assets.xcassets in Resources */ = {isa = PBXBuildFile; fileRef = 8862F0B12567783F00B2F088 /* Assets.xcassets */; };
		8862F0B52567783F00B2F088 /* LaunchScreen.storyboard in Resources */ = {isa = PBXBuildFile; fileRef = 8862F0B32567783F00B2F088 /* LaunchScreen.storyboard */; };
/* End PBXBuildFile section */

/* Begin PBXFileReference section */
		8862F0A52567783900B2F088 /* Chapter1_Syntax.app */ = {isa = PBXFileReference; explicitFileType = wrapper.application; includeInIndex = 0; path = Chapter1_Syntax.app; sourceTree = BUILT_PRODUCTS_DIR; };
		8862F0A82567783900B2F088 /* AppDelegate.swift */ = {isa = PBXFileReference; lastKnownFileType = sourcecode.swift; path = AppDelegate.swift; sourceTree = "<group>"; };
		8862F0AA2567783900B2F088 /* SceneDelegate.swift */ = {isa = PBXFileReference; lastKnownFileType = sourcecode.swift; path = SceneDelegate.swift; sourceTree = "<group>"; };
		8862F0AC2567783900B2F088 /* ViewController.swift */ = {isa = PBXFileReference; lastKnownFileType = sourcecode.swift; path = ViewController.swift; sourceTree = "<group>"; };
		8862F0AF2567783900B2F088 /* Base */ = {isa = PBXFileReference; lastKnownFileType = file.storyboard; name = Base; path = Base.lproj/Main.storyboard; sourceTree = "<group>"; };
		8862F0B12567783F00B2F088 /* Assets.xcassets */ = {isa = PBXFileReference; lastKnownFileType = folder.assetcatalog; path = Assets.xcassets; sourceTree = "<group>"; };
		8862F0B42567783F00B2F088 /* Base */ = {isa = PBXFileReference; lastKnownFileType = file.storyboard; name = Base; path = Base.lproj/LaunchScreen.storyboard; sourceTree = "<group>"; };
		8862F0B62567783F00B2F088 /* Info.plist */ = {isa = PBXFileReference; lastKnownFileType = text.plist.xml; path = Info.plist; sourceTree = "<group>"; };
/* End PBXFileReference section */

/* Begin PBXFrameworksBuildPhase section */
		8862F0A22567783900B2F088 /* Frameworks */ = {
			isa = PBXFrameworksBuildPhase;
			buildActionMask = 2147483647;
			files = (
			);
			runOnlyForDeploymentPostprocessing = 0;
		};
/* End PBXFrameworksBuildPhase section */

/* Begin PBXGroup section */
		8862F09C2567783800B2F088 = {
			isa = PBXGroup;
			children = (
				8862F0A72567783900B2F088 /* Chapter1_Syntax */,
				8862F0A62567783900B2F088 /* Products */,
			);
			sourceTree = "<group>";
		};
		8862F0A62567783900B2F088 /* Products */ = {
			isa = PBXGroup;
			children = (
				8862F0A52567783900B2F088 /* Chapter1_Syntax.app */,
			);
			name = Products;
			sourceTree = "<group>";
		};
		8862F0A72567783900B2F088 /* Chapter1_Syntax */ = {
			isa = PBXGroup;
			children = (
				8862F0A82567783900B2F088 /* AppDelegate.swift */,
				8862F0AA2567783900B2F088 /* SceneDelegate.swift */,
				8862F0AC2567783900B2F088 /* ViewController.swift */,
				8862F0AE2567783900B2F088 /* Main.storyboard */,
				8862F0B12567783F00B2F088 /* Assets.xcassets */,
				8862F0B32567783F00B2F088 /* LaunchScreen.storyboard */,
				8862F0B62567783F00B2F088 /* Info.plist */,
			);
			path = Chapter1_Syntax;
			sourceTree = "<group>";
		};
/* End PBXGroup section */

/* Begin PBXNativeTarget section */
		8862F0A42567783900B2F088 /* Chapter1_Syntax */ = {
			isa = PBXNativeTarget;
			buildConfigurationList = 8862F0B92567783F00B2F088 /* Build configuration list for PBXNativeTarget "Chapter1_Syntax" */;
			buildPhases = (
				8862F0A12567783900B2F088 /* Sources */,
				8862F0A22567783900B2F088 /* Frameworks */,
				8862F0A32567783900B2F088 /* Resources */,
			);
			buildRules = (
			);
			dependencies = (
			);
			name = Chapter1_Syntax;
			productName = Chapter1_Syntax;
			productReference = 8862F0A52567783900B2F088 /* Chapter1_Syntax.app */;
			productType = "com.apple.product-type.application";
		};
/* End PBXNativeTarget section */

/* Begin PBXProject section */
		8862F09D2567783900B2F088 /* Project object */ = {
			isa = PBXProject;
			attributes = {
				LastSwiftUpdateCheck = 1130;
				LastUpgradeCheck = 1130;
				ORGANIZATIONNAME = "Ayax Alexis";
				TargetAttributes = {
					8862F0A42567783900B2F088 = {
						CreatedOnToolsVersion = 11.3.1;
					};
				};
			};
			buildConfigurationList = 8862F0A02567783900B2F088 /* Build configuration list for PBXProject "Chapter1_Syntax" */;
			compatibilityVersion = "Xcode 9.3";
			developmentRegion = en;
			hasScannedForEncodings = 0;
			knownRegions = (
				en,
				Base,
			);
			mainGroup = 8862F09C2567783800B2F088;
			productRefGroup = 8862F0A62567783900B2F088 /* Products */;
			projectDirPath = "";
			projectRoot = "";
			targets = (
				8862F0A42567783900B2F088 /* Chapter1_Syntax */,
			);
		};
/* End PBXProject section */

/* Begin PBXResourcesBuildPhase section */
		8862F0A32567783900B2F088 /* Resources */ = {
			isa = PBXResourcesBuildPhase;
			buildActionMask = 2147483647;
			files = (
				8862F0B52567783F00B2F088 /* LaunchScreen.storyboard in Resources */,
				8862F0B22567783F00B2F088 /* Assets.xcassets in Resources */,
				8862F0B02567783900B2F088 /* Main.storyboard in Resources */,
			);
			runOnlyForDeploymentPostprocessing = 0;
		};
/* End PBXResourcesBuildPhase section */

/* Begin PBXSourcesBuildPhase section */
		8862F0A12567783900B2F088 /* Sources */ = {
			isa = PBXSourcesBuildPhase;
			buildActionMask = 2147483647;
			files = (
				8862F0AD2567783900B2F088 /* ViewController.swift in Sources */,
				8862F0A92567783900B2F088 /* AppDelegate.swift in Sources */,
				8862F0AB2567783900B2F088 /* SceneDelegate.swift in Sources */,
			);
			runOnlyForDeploymentPostprocessing = 0;
		};
/* End PBXSourcesBuildPhase section */

/* Begin PBXVariantGroup section */
		8862F0AE2567783900B2F088 /* Main.storyboard */ = {
			isa = PBXVariantGroup;
			children = (
				8862F0AF2567783900B2F088 /* Base */,
			);
			name = Main.storyboard;
			sourceTree = "<group>";
		};
		8862F0B32567783F00B2F088 /* LaunchScreen.storyboard */ = {
			isa = PBXVariantGroup;
			children = (
				8862F0B42567783F00B2F088 /* Base */,
			);
			name = LaunchScreen.storyboard;
			sourceTree = "<group>";
		};
/* End PBXVariantGroup section */

/* Begin XCBuildConfiguration section */
		8862F0B72567783F00B2F088 /* Debug */ = {
			isa = XCBuildConfiguration;
			buildSettings = {
				ALWAYS_SEARCH_USER_PATHS = NO;
				CLANG_ANALYZER_NONNULL = YES;
				CLANG_ANALYZER_NUMBER_OBJECT_CONVERSION = YES_AGGRESSIVE;
				CLANG_CXX_LANGUAGE_STANDARD = "gnu++14";
				CLANG_CXX_LIBRARY = "libc++";
				CLANG_ENABLE_MODULES = YES;
				CLANG_ENABLE_OBJC_ARC = YES;
				CLANG_ENABLE_OBJC_WEAK = YES;
				CLANG_WARN_BLOCK_CAPTURE_AUTORELEASING = YES;
				CLANG_WARN_BOOL_CONVERSION = YES;
				CLANG_WARN_COMMA = YES;
				CLANG_WARN_CONSTANT_CONVERSION = YES;
				CLANG_WARN_DEPRECATED_OBJC_IMPLEMENTATIONS = YES;
				CLANG_WARN_DIRECT_OBJC_ISA_USAGE = YES_ERROR;
				CLANG_WARN_DOCUMENTATION_COMMENTS = YES;
				CLANG_WARN_EMPTY_BODY = YES;
				CLANG_WARN_ENUM_CONVERSION = YES;
				CLANG_WARN_INFINITE_RECURSION = YES;
				CLANG_WARN_INT_CONVERSION = YES;
				CLANG_WARN_NON_LITERAL_NULL_CONVERSION = YES;
				CLANG_WARN_OBJC_IMPLICIT_RETAIN_SELF = YES;
				CLANG_WARN_OBJC_LITERAL_CONVERSION = YES;
				CLANG_WARN_OBJC_ROOT_CLASS = YES_ERROR;
				CLANG_WARN_RANGE_LOOP_ANALYSIS = YES;
				CLANG_WARN_STRICT_PROTOTYPES = YES;
				CLANG_WARN_SUSPICIOUS_MOVE = YES;
				CLANG_WARN_UNGUARDED_AVAILABILITY = YES_AGGRESSIVE;
				CLANG_WARN_UNREACHABLE_CODE = YES;
				CLANG_WARN__DUPLICATE_METHOD_MATCH = YES;
				COPY_PHASE_STRIP = NO;
				DEBUG_INFORMATION_FORMAT = dwarf;
				ENABLE_STRICT_OBJC_MSGSEND = YES;
				ENABLE_TESTABILITY = YES;
				GCC_C_LANGUAGE_STANDARD = gnu11;
				GCC_DYNAMIC_NO_PIC = NO;
				GCC_NO_COMMON_BLOCKS = YES;
				GCC_OPTIMIZATION_LEVEL = 0;
				GCC_PREPROCESSOR_DEFINITIONS = (
					"DEBUG=1",
					"$(inherited)",
				);
				GCC_WARN_64_TO_32_BIT_CONVERSION = YES;
				GCC_WARN_ABOUT_RETURN_TYPE = YES_ERROR;
				GCC_WARN_UNDECLARED_SELECTOR = YES;
				GCC_WARN_UNINITIALIZED_AUTOS = YES_AGGRESSIVE;
				GCC_WARN_UNUSED_FUNCTION = YES;
				GCC_WARN_UNUSED_VARIABLE = YES;
				IPHONEOS_DEPLOYMENT_TARGET = 13.2;
				MTL_ENABLE_DEBUG_INFO = INCLUDE_SOURCE;
				MTL_FAST_MATH = YES;
				ONLY_ACTIVE_ARCH = YES;
				SDKROOT = iphoneos;
				SWIFT_ACTIVE_COMPILATION_CONDITIONS = DEBUG;
				SWIFT_OPTIMIZATION_LEVEL = "-Onone";
			};
			name = Debug;
		};
		8862F0B82567783F00B2F088 /* Release */ = {
			isa = XCBuildConfiguration;
			buildSettings = {
				ALWAYS_SEARCH_USER_PATHS = NO;
				CLANG_ANALYZER_NONNULL = YES;
				CLANG_ANALYZER_NUMBER_OBJECT_CONVERSION = YES_AGGRESSIVE;
				CLANG_CXX_LANGUAGE_STANDARD = "gnu++14";
				CLANG_CXX_LIBRARY = "libc++";
				CLANG_ENABLE_MODULES = YES;
				CLANG_ENABLE_OBJC_ARC = YES;
				CLANG_ENABLE_OBJC_WEAK = YES;
				CLANG_WARN_BLOCK_CAPTURE_AUTORELEASING = YES;
				CLANG_WARN_BOOL_CONVERSION = YES;
				CLANG_WARN_COMMA = YES;
				CLANG_WARN_CONSTANT_CONVERSION = YES;
				CLANG_WARN_DEPRECATED_OBJC_IMPLEMENTATIONS = YES;
				CLANG_WARN_DIRECT_OBJC_ISA_USAGE = YES_ERROR;
				CLANG_WARN_DOCUMENTATION_COMMENTS = YES;
				CLANG_WARN_EMPTY_BODY = YES;
				CLANG_WARN_ENUM_CONVERSION = YES;
				CLANG_WARN_INFINITE_RECURSION = YES;
				CLANG_WARN_INT_CONVERSION = YES;
				CLANG_WARN_NON_LITERAL_NULL_CONVERSION = YES;
				CLANG_WARN_OBJC_IMPLICIT_RETAIN_SELF = YES;
				CLANG_WARN_OBJC_LITERAL_CONVERSION = YES;
				CLANG_WARN_OBJC_ROOT_CLASS = YES_ERROR;
				CLANG_WARN_RANGE_LOOP_ANALYSIS = YES;
				CLANG_WARN_STRICT_PROTOTYPES = YES;
				CLANG_WARN_SUSPICIOUS_MOVE = YES;
				CLANG_WARN_UNGUARDED_AVAILABILITY = YES_AGGRESSIVE;
				CLANG_WARN_UNREACHABLE_CODE = YES;
				CLANG_WARN__DUPLICATE_METHOD_MATCH = YES;
				COPY_PHASE_STRIP = NO;
				DEBUG_INFORMATION_FORMAT = "dwarf-with-dsym";
				ENABLE_NS_ASSERTIONS = NO;
				ENABLE_STRICT_OBJC_MSGSEND = YES;
				GCC_C_LANGUAGE_STANDARD = gnu11;
				GCC_NO_COMMON_BLOCKS = YES;
				GCC_WARN_64_TO_32_BIT_CONVERSION = YES;
				GCC_WARN_ABOUT_RETURN_TYPE = YES_ERROR;
				GCC_WARN_UNDECLARED_SELECTOR = YES;
				GCC_WARN_UNINITIALIZED_AUTOS = YES_AGGRESSIVE;
				GCC_WARN_UNUSED_FUNCTION = YES;
				GCC_WARN_UNUSED_VARIABLE = YES;
				IPHONEOS_DEPLOYMENT_TARGET = 13.2;
				MTL_ENABLE_DEBUG_INFO = NO;
				MTL_FAST_MATH = YES;
				SDKROOT = iphoneos;
				SWIFT_COMPILATION_MODE = wholemodule;
				SWIFT_OPTIMIZATION_LEVEL = "-O";
				VALIDATE_PRODUCT = YES;
			};
			name = Release;
		};
		8862F0BA2567783F00B2F088 /* Debug */ = {
			isa = XCBuildConfiguration;
			buildSettings = {
				ASSETCATALOG_COMPILER_APPICON_NAME = AppIcon;
				CODE_SIGN_STYLE = Automatic;
				DEVELOPMENT_TEAM = CSN7L4X925;
				INFOPLIST_FILE = Chapter1_Syntax/Info.plist;
				LD_RUNPATH_SEARCH_PATHS = (
					"$(inherited)",
					"@executable_path/Frameworks",
				);
				PRODUCT_BUNDLE_IDENTIFIER = "mx.AyaxAlexis.Chapter1-Syntax";
				PRODUCT_NAME = "$(TARGET_NAME)";
				SWIFT_VERSION = 5.0;
				TARGETED_DEVICE_FAMILY = "1,2";
			};
			name = Debug;
		};
		8862F0BB2567783F00B2F088 /* Release */ = {
			isa = XCBuildConfiguration;
			buildSettings = {
				ASSETCATALOG_COMPILER_APPICON_NAME = AppIcon;
				CODE_SIGN_STYLE = Automatic;
				DEVELOPMENT_TEAM = CSN7L4X925;
				INFOPLIST_FILE = Chapter1_Syntax/Info.plist;
				LD_RUNPATH_SEARCH_PATHS = (
					"$(inherited)",
					"@executable_path/Frameworks",
				);
				PRODUCT_BUNDLE_IDENTIFIER = "mx.AyaxAlexis.Chapter1-Syntax";
				PRODUCT_NAME = "$(TARGET_NAME)";
				SWIFT_VERSION = 5.0;
				TARGETED_DEVICE_FAMILY = "1,2";
			};
			name = Release;
		};
/* End XCBuildConfiguration section */

/* Begin XCConfigurationList section */
		8862F0A02567783900B2F088 /* Build configuration list for PBXProject "Chapter1_Syntax" */ = {
			isa = XCConfigurationList;
			buildConfigurations = (
				8862F0B72567783F00B2F088 /* Debug */,
				8862F0B82567783F00B2F088 /* Release */,
			);
			defaultConfigurationIsVisible = 0;
			defaultConfigurationName = Release;
		};
		8862F0B92567783F00B2F088 /* Build configuration list for PBXNativeTarget "Chapter1_Syntax" */ = {
			isa = XCConfigurationList;
			buildConfigurations = (
				8862F0BA2567783F00B2F088 /* Debug */,
				8862F0BB2567783F00B2F088 /* Release */,
			);
			defaultConfigurationIsVisible = 0;
			defaultConfigurationName = Release;
		};
/* End XCConfigurationList section */
	};
	rootObject = 8862F09D2567783900B2F088 /* Project object */;
}
